
Microsoft Visual Studio Solution File, Format Version 12.00
# Visual Studio Version 17
VisualStudioVersion = 17.0.31903.59
MinimumVisualStudioVersion = 10.0.40219.1
Project("{FAE04EC0-301F-11D3-BF4B-00C04F79EFBC}") = "Agile Technical Practices Distilled", "Agile Technical Practices Distilled\Agile Technical Practices Distilled.csproj", "{6E4B5468-47A9-46FF-93C4-D677B6AF9379}"
EndProject
Project("{FAE04EC0-301F-11D3-BF4B-00C04F79EFBC}") = "Agile Technical Practices Distilled.Tests", "Agile Technical Practices Distilled Tests\Agile Technical Practices Distilled.Tests.csproj", "{B6E41D66-944A-4587-BB59-D58B0BF0D437}"
EndProject
Global
	GlobalSection(SolutionConfigurationPlatforms) = preSolution
		Debug|Any CPU = Debug|Any CPU
		Release|Any CPU = Release|Any CPU
	EndGlobalSection
	GlobalSection(ProjectConfigurationPlatforms) = postSolution
		{6E4B5468-47A9-46FF-93C4-D677B6AF9379}.Debug|Any CPU.ActiveCfg = Debug|Any CPU
		{6E4B5468-47A9-46FF-93C4-D677B6AF9379}.Debug|Any CPU.Build.0 = Debug|Any CPU
		{6E4B5468-47A9-46FF-93C4-D677B6AF9379}.Release|Any CPU.ActiveCfg = Release|Any CPU
		{6E4B5468-47A9-46FF-93C4-D677B6AF9379}.Release|Any CPU.Build.0 = Release|Any CPU
		{B6E41D66-944A-4587-BB59-D58B0BF0D437}.Debug|Any CPU.ActiveCfg = Debug|Any CPU
		{B6E41D66-944A-4587-BB59-D58B0BF0D437}.Debug|Any CPU.Build.0 = Debug|Any CPU
		{B6E41D66-944A-4587-BB59-D58B0BF0D437}.Release|Any CPU.ActiveCfg = Release|Any CPU
		{B6E41D66-944A-4587-BB59-D58B0BF0D437}.Release|Any CPU.Build.0 = Release|Any CPU
	EndGlobalSection
	GlobalSection(SolutionProperties) = preSolution
		HideSolutionNode = FALSE
	EndGlobalSection
	GlobalSection(ExtensibilityGlobals) = postSolution
		SolutionGuid = {3752EAC8-77B4-467A-8741-C6AEE5B25700}
	EndGlobalSection
EndGlobal
